
Microsoft Visual Studio Solution File, Format Version 12.00
# Visual Studio Version 17
VisualStudioVersion = 17.7.34024.191
MinimumVisualStudioVersion = 10.0.40219.1
Project("{9A19103F-16F7-4668-BE54-9A1E7A4F7556}") = "Vartovy.API", "Vartovy.API\Vartovy.API.csproj", "{50BCAE13-7E8F-42B3-AE59-39793D29A5CD}"
EndProject
Project("{FAE04EC0-301F-11D3-BF4B-00C04F79EFBC}") = "Vartovy.Identity", "Vartovy.Identity\Vartovy.Identity.csproj", "{D9264FC1-B164-475A-9142-7FCB4BAF292E}"
EndProject
Global
	GlobalSection(SolutionConfigurationPlatforms) = preSolution
		Debug|Any CPU = Debug|Any CPU
		Release|Any CPU = Release|Any CPU
	EndGlobalSection
	GlobalSection(ProjectConfigurationPlatforms) = postSolution
		{50BCAE13-7E8F-42B3-AE59-39793D29A5CD}.Debug|Any CPU.ActiveCfg = Debug|Any CPU
		{50BCAE13-7E8F-42B3-AE59-39793D29A5CD}.Debug|Any CPU.Build.0 = Debug|Any CPU
		{50BCAE13-7E8F-42B3-AE59-39793D29A5CD}.Release|Any CPU.ActiveCfg = Release|Any CPU
		{50BCAE13-7E8F-42B3-AE59-39793D29A5CD}.Release|Any CPU.Build.0 = Release|Any CPU
		{D9264FC1-B164-475A-9142-7FCB4BAF292E}.Debug|Any CPU.ActiveCfg = Debug|Any CPU
		{D9264FC1-B164-475A-9142-7FCB4BAF292E}.Debug|Any CPU.Build.0 = Debug|Any CPU
		{D9264FC1-B164-475A-9142-7FCB4BAF292E}.Release|Any CPU.ActiveCfg = Release|Any CPU
		{D9264FC1-B164-475A-9142-7FCB4BAF292E}.Release|Any CPU.Build.0 = Release|Any CPU
	EndGlobalSection
	GlobalSection(SolutionProperties) = preSolution
		HideSolutionNode = FALSE
	EndGlobalSection
	GlobalSection(ExtensibilityGlobals) = postSolution
		SolutionGuid = {75D55246-167D-4CAD-94A7-704190647A8B}
	EndGlobalSection
EndGlobal
